
Microsoft Visual Studio Solution File, Format Version 12.00
# Visual Studio Version 17
VisualStudioVersion = 17.7.34003.232
MinimumVisualStudioVersion = 10.0.40219.1
Project("{FAE04EC0-301F-11D3-BF4B-00C04F79EFBC}") = "fitness", "fitness.csproj", "{391C1AEC-CEE1-4877-BB5E-B98CF97CEC71}"
EndProject
Global
	GlobalSection(SolutionConfigurationPlatforms) = preSolution
		Debug|Any CPU = Debug|Any CPU
		Release|Any CPU = Release|Any CPU
	EndGlobalSection
	GlobalSection(ProjectConfigurationPlatforms) = postSolution
		{391C1AEC-CEE1-4877-BB5E-B98CF97CEC71}.Debug|Any CPU.ActiveCfg = Debug|Any CPU
		{391C1AEC-CEE1-4877-BB5E-B98CF97CEC71}.Debug|Any CPU.Build.0 = Debug|Any CPU
		{391C1AEC-CEE1-4877-BB5E-B98CF97CEC71}.Release|Any CPU.ActiveCfg = Release|Any CPU
		{391C1AEC-CEE1-4877-BB5E-B98CF97CEC71}.Release|Any CPU.Build.0 = Release|Any CPU
	EndGlobalSection
	GlobalSection(SolutionProperties) = preSolution
		HideSolutionNode = FALSE
	EndGlobalSection
	GlobalSection(ExtensibilityGlobals) = postSolution
		SolutionGuid = {BD860852-FF1C-4E70-A6D3-DDA027469E75}
	EndGlobalSection
EndGlobal
